
Microsoft Visual Studio Solution File, Format Version 12.00
# Visual Studio Version 17
VisualStudioVersion = 17.14.36717.8 d17.14
MinimumVisualStudioVersion = 10.0.40219.1
Project("{FAE04EC0-301F-11D3-BF4B-00C04F79EFBC}") = "CaesarCipher", "CaesarCipher\CaesarCipher.csproj", "{553B6A4D-40F9-4F41-90DD-82269C35BF75}"
EndProject
Project("{FAE04EC0-301F-11D3-BF4B-00C04F79EFBC}") = "TestCipher", "TestCipher\TestCipher.csproj", "{2C11641A-DD34-4F9E-940D-55CA374F649C}"
EndProject
Global
	GlobalSection(SolutionConfigurationPlatforms) = preSolution
		Debug|Any CPU = Debug|Any CPU
		Release|Any CPU = Release|Any CPU
	EndGlobalSection
	GlobalSection(ProjectConfigurationPlatforms) = postSolution
		{553B6A4D-40F9-4F41-90DD-82269C35BF75}.Debug|Any CPU.ActiveCfg = Debug|Any CPU
		{553B6A4D-40F9-4F41-90DD-82269C35BF75}.Debug|Any CPU.Build.0 = Debug|Any CPU
		{553B6A4D-40F9-4F41-90DD-82269C35BF75}.Release|Any CPU.ActiveCfg = Release|Any CPU
		{553B6A4D-40F9-4F41-90DD-82269C35BF75}.Release|Any CPU.Build.0 = Release|Any CPU
		{2C11641A-DD34-4F9E-940D-55CA374F649C}.Debug|Any CPU.ActiveCfg = Debug|Any CPU
		{2C11641A-DD34-4F9E-940D-55CA374F649C}.Debug|Any CPU.Build.0 = Debug|Any CPU
		{2C11641A-DD34-4F9E-940D-55CA374F649C}.Release|Any CPU.ActiveCfg = Release|Any CPU
		{2C11641A-DD34-4F9E-940D-55CA374F649C}.Release|Any CPU.Build.0 = Release|Any CPU
	EndGlobalSection
	GlobalSection(SolutionProperties) = preSolution
		HideSolutionNode = FALSE
	EndGlobalSection
	GlobalSection(ExtensibilityGlobals) = postSolution
		SolutionGuid = {99110630-B82F-4241-AE54-5639AC1B83BB}
	EndGlobalSection
EndGlobal
